
Microsoft Visual Studio Solution File, Format Version 12.00
# Visual Studio 15
VisualStudioVersion = 15.0.28307.421
MinimumVisualStudioVersion = 10.0.40219.1
Project("{FAE04EC0-301F-11D3-BF4B-00C04F79EFBC}") = "Dirac.Orchestration.Domain", "Dirac.Orchestration.Domain\Dirac.Orchestration.Domain.csproj", "{2CEDC028-F23E-4E72-9052-780712B6E6A3}"
EndProject
Global
	GlobalSection(SolutionConfigurationPlatforms) = preSolution
		Debug|Any CPU = Debug|Any CPU
		Release|Any CPU = Release|Any CPU
	EndGlobalSection
	GlobalSection(ProjectConfigurationPlatforms) = postSolution
		{2CEDC028-F23E-4E72-9052-780712B6E6A3}.Debug|Any CPU.ActiveCfg = Debug|Any CPU
		{2CEDC028-F23E-4E72-9052-780712B6E6A3}.Debug|Any CPU.Build.0 = Debug|Any CPU
		{2CEDC028-F23E-4E72-9052-780712B6E6A3}.Release|Any CPU.ActiveCfg = Release|Any CPU
		{2CEDC028-F23E-4E72-9052-780712B6E6A3}.Release|Any CPU.Build.0 = Release|Any CPU
	EndGlobalSection
	GlobalSection(SolutionProperties) = preSolution
		HideSolutionNode = FALSE
	EndGlobalSection
	GlobalSection(ExtensibilityGlobals) = postSolution
		SolutionGuid = {49275360-0BF3-4C0F-90D3-620D0709CB6A}
	EndGlobalSection
EndGlobal
